{
  "name": "savvy-backend",
  "version": "0.1.0",
  "lockfileVersion": 3,
  "requires": true,
  "packages": {
    "": {
      "name": "savvy-backend",
      "version": "0.1.0",
      "dependencies": {
        "@nestjs/common": "^11.0.16",
        "@nestjs/config": "^4.0.0",
        "@nestjs/core": "^11.0.16",
        "@nestjs/jwt": "^11.0.0",
        "@nestjs/passport": "^11.0.0",
        "@nestjs/platform-express": "^11.0.16",
        "@nestjs/throttler": "^6.4.0",
        "@prisma/client": "^6.6.0",
        "bcrypt": "^6.0.0",
        "class-transformer": "^0.5.1",
        "class-validator": "^0.14.1",
        "nanoid": "^3.3.8",
        "passport": "^0.7.0",
        "passport-jwt": "^4.0.1",
        "reflect-metadata": "^0.2.2",
        "rxjs": "^7.8.1"
      },
      "devDependencies": {
        "@nestjs/cli": "^11.0.0",
        "@nestjs/schematics": "^11.0.0",
        "@nestjs/testing": "^11.0.16",
        "@types/bcrypt": "^5.0.2",
        "@types/express": "^5.0.0",
        "@types/node": "^22.0.0",
        "@types/passport-jwt": "^4.0.1",
        "prisma": "^6.6.0",
        "ts-node": "^10.9.2",
        "typescript": "^5.7.0"
      }
    },
    "node_modules/@angular-devkit/core": {
      "version": "19.2.24",
      "resolved": "https://registry.npmjs.org/@angular-devkit/core/-/core-19.2.24.tgz",
      "integrity": "sha512-Kd49warf6U/EyWe5BszF/eebN3zQ3bk7tgfEljAw8q/rX95UUtriJubWvp6pgzHfzBA4jwq8f+QiNZB8eBEXPA==",
      "dev": true,
      "license": "MIT",
      "dependencies": {
        "ajv": "8.18.0",
        "ajv-formats": "3.0.1",
        "jsonc-parser": "3.3.1",
        "picomatch": "4.0.4",
        "rxjs": "7.8.1",
        "source-map": "0.7.4"
      },
      "engines": {
        "node": "^18.19.1 || ^20.11.1 || >=22.0.0",
        "npm": "^6.11.0 || ^7.5.6 || >=8.0.0",
        "yarn": ">= 1.13.0"
      },
      "peerDependencies": {
        "chokidar": "^4.0.0"
      },
      "peerDependenciesMeta": {
        "chokidar": {
          "optional": true
        }
      }
    },
    "node_modules/@angular-devkit/core/node_modules/rxjs": {
      "version": "7.8.1",
      "resolved": "https://registry.npmjs.org/rxjs/-/rxjs-7.8.1.tgz",
      "integrity": "sha512-AA3TVj+0A2iuIoQkWEK/tqFjBq2j+6PO6Y0zJcvzLAFhEFIO3HL0vls9hWLncZbAAbK0mar7oZ4V079I/qPMxg==",
      "dev": true,
      "license": "Apache-2.0",
      "dependencies": {
        "tslib": "^2.1.0"
      }
    },
    "node_modules/@angular-devkit/schematics": {
